
Microsoft Visual Studio Solution File, Format Version 12.00
# Visual Studio Version 16
VisualStudioVersion = 16.0.28803.202
MinimumVisualStudioVersion = 10.0.40219.1
Project("{FAE04EC0-301F-11D3-BF4B-00C04F79EFBC}") = "MedicalSystemClient", "MedicalSystemClient.csproj", "{F460D2A1-3770-4A1F-B59C-CDD1CB4AE82B}"
EndProject
Global
	GlobalSection(SolutionConfigurationPlatforms) = preSolution
		Debug|Any CPU = Debug|Any CPU
		Release|Any CPU = Release|Any CPU
	EndGlobalSection
	GlobalSection(ProjectConfigurationPlatforms) = postSolution
		{F460D2A1-3770-4A1F-B59C-CDD1CB4AE82B}.Debug|Any CPU.ActiveCfg = Debug|Any CPU
		{F460D2A1-3770-4A1F-B59C-CDD1CB4AE82B}.Debug|Any CPU.Build.0 = Debug|Any CPU
		{F460D2A1-3770-4A1F-B59C-CDD1CB4AE82B}.Release|Any CPU.ActiveCfg = Release|Any CPU
		{F460D2A1-3770-4A1F-B59C-CDD1CB4AE82B}.Release|Any CPU.Build.0 = Release|Any CPU
	EndGlobalSection
	GlobalSection(SolutionProperties) = preSolution
		HideSolutionNode = FALSE
	EndGlobalSection
	GlobalSection(ExtensibilityGlobals) = postSolution
		SolutionGuid = {0040BA16-F239-42F8-B242-E6AAD2B52E9F}
	EndGlobalSection
EndGlobal
